// !$*UTF8*$!
{
	archiveVersion = 1;
	classes = {
	};
	objectVersion = 46;
	objects = {

/* Begin PBXBuildFile section */
		6B02599B1CF155D60049AF38 /* LYRecommendTagsViewController.m in Sources */ = {isa = PBXBuildFile; fileRef = 6B02599A1CF155D60049AF38 /* LYRecommendTagsViewController.m */; };
		6B02599E1CF156940049AF38 /* LYRecommendTag.m in Sources */ = {isa = PBXBuildFile; fileRef = 6B02599D1CF156940049AF38 /* LYRecommendTag.m */; };
		6B0259A11CF15A220049AF38 /* LYRecommendTagCell.m in Sources */ = {isa = PBXBuildFile; fileRef = 6B0259A01CF15A220049AF38 /* LYRecommendTagCell.m */; };
		6B0259A31CF15A2E0049AF38 /* LYRecommendTagCell.xib in Resources */ = {isa = PBXBuildFile; fileRef = 6B0259A21CF15A2E0049AF38 /* LYRecommendTagCell.xib */; };
		6B0259A61CF18C3E0049AF38 /* LYAllViewController.m in Sources */ = {isa = PBXBuildFile; fileRef = 6B0259A51CF18C3E0049AF38 /* LYAllViewController.m */; };
		6B0259A91CF18C680049AF38 /* LYViedoViewController.m in Sources */ = {isa = PBXBuildFile; fileRef = 6B0259A81CF18C680049AF38 /* LYViedoViewController.m */; };
		6B0259AC1CF18C7A0049AF38 /* LYVoiceViewController.m in Sources */ = {isa = PBXBuildFile; fileRef = 6B0259AB1CF18C7A0049AF38 /* LYVoiceViewController.m */; };
		6B0259AF1CF18C8C0049AF38 /* LYPictureViewController.m in Sources */ = {isa = PBXBuildFile; fileRef = 6B0259AE1CF18C8C0049AF38 /* LYPictureViewController.m */; };
		6B0259B21CF18C9B0049AF38 /* LYWordViewController.m in Sources */ = {isa = PBXBuildFile; fileRef = 6B0259B11CF18C9B0049AF38 /* LYWordViewController.m */; };
		6B0259B51CF1C3990049AF38 /* LYWord.m in Sources */ = {isa = PBXBuildFile; fileRef = 6B0259B41CF1C3990049AF38 /* LYWord.m */; };
		6B0259B81CF29BBC0049AF38 /* LYConst.m in Sources */ = {isa = PBXBuildFile; fileRef = 6B0259B71CF29BBC0049AF38 /* LYConst.m */; };
		6B0259BC1CF29E520049AF38 /* LYWordCell.m in Sources */ = {isa = PBXBuildFile; fileRef = 6B0259BA1CF29E520049AF38 /* LYWordCell.m */; };
		6B0259BD1CF29E520049AF38 /* LYWordCell.xib in Resources */ = {isa = PBXBuildFile; fileRef = 6B0259BB1CF29E520049AF38 /* LYWordCell.xib */; };
		6B0259C01CF2CAB10049AF38 /* NSDate+LYDate.m in Sources */ = {isa = PBXBuildFile; fileRef = 6B0259BF1CF2CAB10049AF38 /* NSDate+LYDate.m */; };
		6B0259C31CF32BDC0049AF38 /* LYTopicsViewController.m in Sources */ = {isa = PBXBuildFile; fileRef = 6B0259C21CF32BDC0049AF38 /* LYTopicsViewController.m */; };
		6B1AB2EF1CEEA92D004995A2 /* LYRecommendViewController.xib in Resources */ = {isa = PBXBuildFile; fileRef = 6B1AB2EE1CEEA92D004995A2 /* LYRecommendViewController.xib */; };
		6B1AB2F21CEEB2A7004995A2 /* LYRecommendCategory.m in Sources */ = {isa = PBXBuildFile; fileRef = 6B1AB2F11CEEB2A7004995A2 /* LYRecommendCategory.m */; };
		6B1AB2F51CEEB89F004995A2 /* LYRecommendCell.m in Sources */ = {isa = PBXBuildFile; fileRef = 6B1AB2F41CEEB89F004995A2 /* LYRecommendCell.m */; };
		6B1AB2F71CEEB8AE004995A2 /* LYRecommendCell.xib in Resources */ = {isa = PBXBuildFile; fileRef = 6B1AB2F61CEEB8AE004995A2 /* LYRecommendCell.xib */; };
		6B1AB2FA1CEEE1DD004995A2 /* LYRecommendUser.m in Sources */ = {isa = PBXBuildFile; fileRef = 6B1AB2F91CEEE1DD004995A2 /* LYRecommendUser.m */; };
		6B1AB2FE1CEEEA54004995A2 /* LYRecommendUserCell.m in Sources */ = {isa = PBXBuildFile; fileRef = 6B1AB2FC1CEEEA53004995A2 /* LYRecommendUserCell.m */; };
		6B1AB2FF1CEEEA54004995A2 /* LYRecommendUserCell.xib in Resources */ = {isa = PBXBuildFile; fileRef = 6B1AB2FD1CEEEA53004995A2 /* LYRecommendUserCell.xib */; };
		6BA2EC371CF035A500678794 /* LYLoginRigesterViewController.m in Sources */ = {isa = PBXBuildFile; fileRef = 6BA2EC351CF035A500678794 /* LYLoginRigesterViewController.m */; };
		6BA2EC381CF035A500678794 /* LYLoginRigesterViewController.xib in Resources */ = {isa = PBXBuildFile; fileRef = 6BA2EC361CF035A500678794 /* LYLoginRigesterViewController.xib */; };
		6BA2EC3B1CF0406C00678794 /* LYVerticalButton.m in Sources */ = {isa = PBXBuildFile; fileRef = 6BA2EC3A1CF0406C00678794 /* LYVerticalButton.m */; };
		6BA2EC3E1CF06F4800678794 /* LYTextField.m in Sources */ = {isa = PBXBuildFile; fileRef = 6BA2EC3D1CF06F4800678794 /* LYTextField.m */; };
		6BA2EC411CF0945D00678794 /* LYPushGuideView.m in Sources */ = {isa = PBXBuildFile; fileRef = 6BA2EC401CF0945D00678794 /* LYPushGuideView.m */; };
		6BA2EC431CF0946900678794 /* LYPushGuideView.xib in Resources */ = {isa = PBXBuildFile; fileRef = 6BA2EC421CF0946900678794 /* LYPushGuideView.xib */; };
		6BA2EC461CF0A66300678794 /* LYEssenceTitleView.m in Sources */ = {isa = PBXBuildFile; fileRef = 6BA2EC451CF0A66300678794 /* LYEssenceTitleView.m */; };
		6BA2EC491CF0A77300678794 /* LYEssenseTitle.m in Sources */ = {isa = PBXBuildFile; fileRef = 6BA2EC481CF0A77300678794 /* LYEssenseTitle.m */; };
		6BB948231CED6488000E6CE5 /* LYTabBar.m in Sources */ = {isa = PBXBuildFile; fileRef = 6BB9480D1CED6488000E6CE5 /* LYTabBar.m */; };
		6BB948241CED6488000E6CE5 /* LYTabBarController.m in Sources */ = {isa = PBXBuildFile; fileRef = 6BB948101CED6488000E6CE5 /* LYTabBarController.m */; };
		6BB948251CED6488000E6CE5 /* AppDelegate.m in Sources */ = {isa = PBXBuildFile; fileRef = 6BB9481B1CED6488000E6CE5 /* AppDelegate.m */; };
		6BB948261CED6488000E6CE5 /* main.m in Sources */ = {isa = PBXBuildFile; fileRef = 6BB9481D1CED6488000E6CE5 /* main.m */; };
		6BB948271CED6488000E6CE5 /* UIView+LYFrame.m in Sources */ = {isa = PBXBuildFile; fileRef = 6BB948201CED6488000E6CE5 /* UIView+LYFrame.m */; };
		6BB9482A1CED66A4000E6CE5 /* LYEssenseViewController.m in Sources */ = {isa = PBXBuildFile; fileRef = 6BB948291CED66A4000E6CE5 /* LYEssenseViewController.m */; };
		6BB9482D1CED66C4000E6CE5 /* LYFriendTrendsController.m in Sources */ = {isa = PBXBuildFile; fileRef = 6BB9482C1CED66C4000E6CE5 /* LYFriendTrendsController.m */; };
		6BB948301CED66E8000E6CE5 /* LYMeViewController.m in Sources */ = {isa = PBXBuildFile; fileRef = 6BB9482F1CED66E8000E6CE5 /* LYMeViewController.m */; };
		6BB948331CED6724000E6CE5 /* LYNewBBSViewController.m in Sources */ = {isa = PBXBuildFile; fileRef = 6BB948321CED6724000E6CE5 /* LYNewBBSViewController.m */; };
		6BB948391CED7162000E6CE5 /* UIBarButtonItem+LYExtension.m in Sources */ = {isa = PBXBuildFile; fileRef = 6BB948381CED7162000E6CE5 /* UIBarButtonItem+LYExtension.m */; };
		6BB9483C1CED83E4000E6CE5 /* LYNavigationController.m in Sources */ = {isa = PBXBuildFile; fileRef = 6BB9483B1CED83E4000E6CE5 /* LYNavigationController.m */; };
		6BB9483E1CED93F8000E6CE5 /* LYFriendTrendsController.xib in Resources */ = {isa = PBXBuildFile; fileRef = 6BB9483D1CED93F8000E6CE5 /* LYFriendTrendsController.xib */; };
		6BB948411CEDA9E0000E6CE5 /* LYRecommendViewController.m in Sources */ = {isa = PBXBuildFile; fileRef = 6BB948401CEDA9E0000E6CE5 /* LYRecommendViewController.m */; };
		6BF2E5AE1CEC12B1009FEC87 /* Main.storyboard in Resources */ = {isa = PBXBuildFile; fileRef = 6BF2E5AC1CEC12B1009FEC87 /* Main.storyboard */; };
		6BF2E5B01CEC12B2009FEC87 /* Images.xcassets in Resources */ = {isa = PBXBuildFile; fileRef = 6BF2E5AF1CEC12B2009FEC87 /* Images.xcassets */; };
		6BF2E5B31CEC12B2009FEC87 /* LaunchScreen.xib in Resources */ = {isa = PBXBuildFile; fileRef = 6BF2E5B11CEC12B2009FEC87 /* LaunchScreen.xib */; };
		6BF2E5BF1CEC12B2009FEC87 /* _____Tests.m in Sources */ = {isa = PBXBuildFile; fileRef = 6BF2E5BE1CEC12B2009FEC87 /* _____Tests.m */; };
		D384069C4009BB08EDA2E959 /* libPods-百思不得姐.a in Frameworks */ = {isa = PBXBuildFile; fileRef = 68F13D7301B48F203D4BC240 /* libPods-百思不得姐.a */; };
/* End PBXBuildFile section */

/* Begin PBXContainerItemProxy section */
		6BF2E5B91CEC12B2009FEC87 /* PBXContainerItemProxy */ = {
			isa = PBXContainerItemProxy;
			containerPortal = 6BF2E5971CEC12B1009FEC87 /* Project object */;
			proxyType = 1;
			remoteGlobalIDString = 6BF2E59E1CEC12B1009FEC87;
			remoteInfo = "百思不得姐";
		};
/* End PBXContainerItemProxy section */

/* Begin PBXFileReference section */
		2B45021F8892E3917CC6D4F7 /* Pods-百思不得姐.debug.xcconfig */ = {isa = PBXFileReference; includeInIndex = 1; lastKnownFileType = text.xcconfig; name = "Pods-百思不得姐.debug.xcconfig"; path = "Pods/Target Support Files/Pods-百思不得姐/Pods-百思不得姐.debug.xcconfig"; sourceTree = "<group>"; };
		5CA081EA33BA78015ACF9731 /* Pods-百思不得姐.release.xcconfig */ = {isa = PBXFileReference; includeInIndex = 1; lastKnownFileType = text.xcconfig; name = "Pods-百思不得姐.release.xcconfig"; path = "Pods/Target Support Files/Pods-百思不得姐/Pods-百思不得姐.release.xcconfig"; sourceTree = "<group>"; };
		68F13D7301B48F203D4BC240 /* libPods-百思不得姐.a */ = {isa = PBXFileReference; explicitFileType = archive.ar; includeInIndex = 0; path = "libPods-百思不得姐.a"; sourceTree = BUILT_PRODUCTS_DIR; };
		6B0259991CF155D60049AF38 /* LYRecommendTagsViewController.h */ = {isa = PBXFileReference; fileEncoding = 4; lastKnownFileType = sourcecode.c.h; path = LYRecommendTagsViewController.h; sourceTree = "<group>"; };
		6B02599A1CF155D60049AF38 /* LYRecommendTagsViewController.m */ = {isa = PBXFileReference; fileEncoding = 4; lastKnownFileType = sourcecode.c.objc; path = LYRecommendTagsViewController.m; sourceTree = "<group>"; };
		6B02599C1CF156940049AF38 /* LYRecommendTag.h */ = {isa = PBXFileReference; fileEncoding = 4; lastKnownFileType = sourcecode.c.h; path = LYRecommendTag.h; sourceTree = "<group>"; };
		6B02599D1CF156940049AF38 /* LYRecommendTag.m */ = {isa = PBXFileReference; fileEncoding = 4; lastKnownFileType = sourcecode.c.objc; path = LYRecommendTag.m; sourceTree = "<group>"; };
		6B02599F1CF15A220049AF38 /* LYRecommendTagCell.h */ = {isa = PBXFileReference; fileEncoding = 4; lastKnownFileType = sourcecode.c.h; path = LYRecommendTagCell.h; sourceTree = "<group>"; };
		6B0259A01CF15A220049AF38 /* LYRecommendTagCell.m */ = {isa = PBXFileReference; fileEncoding = 4; lastKnownFileType = sourcecode.c.objc; path = LYRecommendTagCell.m; sourceTree = "<group>"; };
		6B0259A21CF15A2E0049AF38 /* LYRecommendTagCell.xib */ = {isa = PBXFileReference; fileEncoding = 4; lastKnownFileType = file.xib; path = LYRecommendTagCell.xib; sourceTree = "<group>"; };
		6B0259A41CF18C3E0049AF38 /* LYAllViewController.h */ = {isa = PBXFileReference; fileEncoding = 4; lastKnownFileType = sourcecode.c.h; path = LYAllViewController.h; sourceTree = "<group>"; };
		6B0259A51CF18C3E0049AF38 /* LYAllViewController.m */ = {isa = PBXFileReference; fileEncoding = 4; lastKnownFileType = sourcecode.c.objc; path = LYAllViewController.m; sourceTree = "<group>"; };
		6B0259A71CF18C680049AF38 /* LYViedoViewController.h */ = {isa = PBXFileReference; fileEncoding = 4; lastKnownFileType = sourcecode.c.h; path = LYViedoViewController.h; sourceTree = "<group>"; };
		6B0259A81CF18C680049AF38 /* LYViedoViewController.m */ = {isa = PBXFileReference; fileEncoding = 4; lastKnownFileType = sourcecode.c.objc; path = LYViedoViewController.m; sourceTree = "<group>"; };
		6B0259AA1CF18C7A0049AF38 /* LYVoiceViewController.h */ = {isa = PBXFileReference; fileEncoding = 4; lastKnownFileType = sourcecode.c.h; path = LYVoiceViewController.h; sourceTree = "<group>"; };
		6B0259AB1CF18C7A0049AF38 /* LYVoiceViewController.m */ = {isa = PBXFileReference; fileEncoding = 4; lastKnownFileType = sourcecode.c.objc; path = LYVoiceViewController.m; sourceTree = "<group>"; };
		6B0259AD1CF18C8C0049AF38 /* LYPictureViewController.h */ = {isa = PBXFileReference; fileEncoding = 4; lastKnownFileType = sourcecode.c.h; path = LYPictureViewController.h; sourceTree = "<group>"; };
		6B0259AE1CF18C8C0049AF38 /* LYPictureViewController.m */ = {isa = PBXFileReference; fileEncoding = 4; lastKnownFileType = sourcecode.c.objc; path = LYPictureViewController.m; sourceTree = "<group>"; };
		6B0259B01CF18C9B0049AF38 /* LYWordViewController.h */ = {isa = PBXFileReference; fileEncoding = 4; lastKnownFileType = sourcecode.c.h; path = LYWordViewController.h; sourceTree = "<group>"; };
		6B0259B11CF18C9B0049AF38 /* LYWordViewController.m */ = {isa = PBXFileReference; fileEncoding = 4; lastKnownFileType = sourcecode.c.objc; path = LYWordViewController.m; sourceTree = "<group>"; };
		6B0259B31CF1C3990049AF38 /* LYWord.h */ = {isa = PBXFileReference; fileEncoding = 4; lastKnownFileType = sourcecode.c.h; path = LYWord.h; sourceTree = "<group>"; };
		6B0259B41CF1C3990049AF38 /* LYWord.m */ = {isa = PBXFileReference; fileEncoding = 4; lastKnownFileType = sourcecode.c.objc; path = LYWord.m; sourceTree = "<group>"; };
		6B0259B61CF29BBC0049AF38 /* LYConst.h */ = {isa = PBXFileReference; fileEncoding = 4; lastKnownFileType = sourcecode.c.h; path = LYConst.h; sourceTree = "<group>"; };
		6B0259B71CF29BBC0049AF38 /* LYConst.m */ = {isa = PBXFileReference; fileEncoding = 4; lastKnownFileType = sourcecode.c.objc; path = LYConst.m; sourceTree = "<group>"; };
		6B0259B91CF29E520049AF38 /* LYWordCell.h */ = {isa = PBXFileReference; fileEncoding = 4; lastKnownFileType = sourcecode.c.h; path = LYWordCell.h; sourceTree = "<group>"; };
		6B0259BA1CF29E520049AF38 /* LYWordCell.m */ = {isa = PBXFileReference; fileEncoding = 4; lastKnownFileType = sourcecode.c.objc; path = LYWordCell.m; sourceTree = "<group>"; };
		6B0259BB1CF29E520049AF38 /* LYWordCell.xib */ = {isa = PBXFileReference; fileEncoding = 4; lastKnownFileType = file.xib; path = LYWordCell.xib; sourceTree = "<group>"; };
		6B0259BE1CF2CAB10049AF38 /* NSDate+LYDate.h */ = {isa = PBXFileReference; fileEncoding = 4; lastKnownFileType = sourcecode.c.h; path = "NSDate+LYDate.h"; sourceTree = "<group>"; };
		6B0259BF1CF2CAB10049AF38 /* NSDate+LYDate.m */ = {isa = PBXFileReference; fileEncoding = 4; lastKnownFileType = sourcecode.c.objc; path = "NSDate+LYDate.m"; sourceTree = "<group>"; };
		6B0259C11CF32BDC0049AF38 /* LYTopicsViewController.h */ = {isa = PBXFileReference; fileEncoding = 4; lastKnownFileType = sourcecode.c.h; path = LYTopicsViewController.h; sourceTree = "<group>"; };
		6B0259C21CF32BDC0049AF38 /* LYTopicsViewController.m */ = {isa = PBXFileReference; fileEncoding = 4; lastKnownFileType = sourcecode.c.objc; path = LYTopicsViewController.m; sourceTree = "<group>"; };
		6B1AB2EE1CEEA92D004995A2 /* LYRecommendViewController.xib */ = {isa = PBXFileReference; fileEncoding = 4; lastKnownFileType = file.xib; path = LYRecommendViewController.xib; sourceTree = "<group>"; };
		6B1AB2F01CEEB2A7004995A2 /* LYRecommendCategory.h */ = {isa = PBXFileReference; fileEncoding = 4; lastKnownFileType = sourcecode.c.h; path = LYRecommendCategory.h; sourceTree = "<group>"; };
		6B1AB2F11CEEB2A7004995A2 /* LYRecommendCategory.m */ = {isa = PBXFileReference; fileEncoding = 4; lastKnownFileType = sourcecode.c.objc; path = LYRecommendCategory.m; sourceTree = "<group>"; };
		6B1AB2F31CEEB89F004995A2 /* LYRecommendCell.h */ = {isa = PBXFileReference; fileEncoding = 4; lastKnownFileType = sourcecode.c.h; path = LYRecommendCell.h; sourceTree = "<group>"; };
		6B1AB2F41CEEB89F004995A2 /* LYRecommendCell.m */ = {isa = PBXFileReference; fileEncoding = 4; lastKnownFileType = sourcecode.c.objc; path = LYRecommendCell.m; sourceTree = "<group>"; };
		6B1AB2F61CEEB8AE004995A2 /* LYRecommendCell.xib */ = {isa = PBXFileReference; fileEncoding = 4; lastKnownFileType = file.xib; path = LYRecommendCell.xib; sourceTree = "<group>"; };
		6B1AB2F81CEEE1DD004995A2 /* LYRecommendUser.h */ = {isa = PBXFileReference; fileEncoding = 4; lastKnownFileType = sourcecode.c.h; path = LYRecommendUser.h; sourceTree = "<group>"; };
		6B1AB2F91CEEE1DD004995A2 /* LYRecommendUser.m */ = {isa = PBXFileReference; fileEncoding = 4; lastKnownFileType = sourcecode.c.objc; path = LYRecommendUser.m; sourceTree = "<group>"; };
		6B1AB2FB1CEEEA53004995A2 /* LYRecommendUserCell.h */ = {isa = PBXFileReference; fileEncoding = 4; lastKnownFileType = sourcecode.c.h; path = LYRecommendUserCell.h; sourceTree = "<group>"; };
		6B1AB2FC1CEEEA53004995A2 /* LYRecommendUserCell.m */ = {isa = PBXFileReference; fileEncoding = 4; lastKnownFileType = sourcecode.c.objc; path = LYRecommendUserCell.m; sourceTree = "<group>"; };
		6B1AB2FD1CEEEA53004995A2 /* LYRecommendUserCell.xib */ = {isa = PBXFileReference; fileEncoding = 4; lastKnownFileType = file.xib; path = LYRecommendUserCell.xib; sourceTree = "<group>"; };
		6BA2EC341CF035A500678794 /* LYLoginRigesterViewController.h */ = {isa = PBXFileReference; fileEncoding = 4; lastKnownFileType = sourcecode.c.h; path = LYLoginRigesterViewController.h; sourceTree = "<group>"; };
		6BA2EC351CF035A500678794 /* LYLoginRigesterViewController.m */ = {isa = PBXFileReference; fileEncoding = 4; lastKnownFileType = sourcecode.c.objc; path = LYLoginRigesterViewController.m; sourceTree = "<group>"; };
		6BA2EC361CF035A500678794 /* LYLoginRigesterViewController.xib */ = {isa = PBXFileReference; fileEncoding = 4; lastKnownFileType = file.xib; path = LYLoginRigesterViewController.xib; sourceTree = "<group>"; };
		6BA2EC391CF0406C00678794 /* LYVerticalButton.h */ = {isa = PBXFileReference; fileEncoding = 4; lastKnownFileType = sourcecode.c.h; path = LYVerticalButton.h; sourceTree = "<group>"; };
		6BA2EC3A1CF0406C00678794 /* LYVerticalButton.m */ = {isa = PBXFileReference; fileEncoding = 4; lastKnownFileType = sourcecode.c.objc; path = LYVerticalButton.m; sourceTree = "<group>"; };
		6BA2EC3C1CF06F4800678794 /* LYTextField.h */ = {isa = PBXFileReference; fileEncoding = 4; lastKnownFileType = sourcecode.c.h; path = LYTextField.h; sourceTree = "<group>"; };
		6BA2EC3D1CF06F4800678794 /* LYTextField.m */ = {isa = PBXFileReference; fileEncoding = 4; lastKnownFileType = sourcecode.c.objc; path = LYTextField.m; sourceTree = "<group>"; };
		6BA2EC3F1CF0945D00678794 /* LYPushGuideView.h */ = {isa = PBXFileReference; fileEncoding = 4; lastKnownFileType = sourcecode.c.h; path = LYPushGuideView.h; sourceTree = "<group>"; };
		6BA2EC401CF0945D00678794 /* LYPushGuideView.m */ = {isa = PBXFileReference; fileEncoding = 4; lastKnownFileType = sourcecode.c.objc; path = LYPushGuideView.m; sourceTree = "<group>"; };
		6BA2EC421CF0946900678794 /* LYPushGuideView.xib */ = {isa = PBXFileReference; fileEncoding = 4; lastKnownFileType = file.xib; path = LYPushGuideView.xib; sourceTree = "<group>"; };
		6BA2EC441CF0A66300678794 /* LYEssenceTitleView.h */ = {isa = PBXFileReference; fileEncoding = 4; lastKnownFileType = sourcecode.c.h; path = LYEssenceTitleView.h; sourceTree = "<group>"; };
		6BA2EC451CF0A66300678794 /* LYEssenceTitleView.m */ = {isa = PBXFileReference; fileEncoding = 4; lastKnownFileType = sourcecode.c.objc; path = LYEssenceTitleView.m; sourceTree = "<group>"; };
		6BA2EC471CF0A77300678794 /* LYEssenseTitle.h */ = {isa = PBXFileReference; fileEncoding = 4; lastKnownFileType = sourcecode.c.h; path = LYEssenseTitle.h; sourceTree = "<group>"; };
		6BA2EC481CF0A77300678794 /* LYEssenseTitle.m */ = {isa = PBXFileReference; fileEncoding = 4; lastKnownFileType = sourcecode.c.objc; path = LYEssenseTitle.m; sourceTree = "<group>"; };
		6BB9480C1CED6488000E6CE5 /* LYTabBar.h */ = {isa = PBXFileReference; fileEncoding = 4; lastKnownFileType = sourcecode.c.h; path = LYTabBar.h; sourceTree = "<group>"; };
		6BB9480D1CED6488000E6CE5 /* LYTabBar.m */ = {isa = PBXFileReference; fileEncoding = 4; lastKnownFileType = sourcecode.c.objc; path = LYTabBar.m; sourceTree = "<group>"; };
		6BB9480F1CED6488000E6CE5 /* LYTabBarController.h */ = {isa = PBXFileReference; fileEncoding = 4; lastKnownFileType = sourcecode.c.h; path = LYTabBarController.h; sourceTree = "<group>"; };
		6BB948101CED6488000E6CE5 /* LYTabBarController.m */ = {isa = PBXFileReference; fileEncoding = 4; lastKnownFileType = sourcecode.c.objc; path = LYTabBarController.m; sourceTree = "<group>"; };
		6BB9481A1CED6488000E6CE5 /* AppDelegate.h */ = {isa = PBXFileReference; fileEncoding = 4; lastKnownFileType = sourcecode.c.h; path = AppDelegate.h; sourceTree = "<group>"; };
		6BB9481B1CED6488000E6CE5 /* AppDelegate.m */ = {isa = PBXFileReference; fileEncoding = 4; lastKnownFileType = sourcecode.c.objc; path = AppDelegate.m; sourceTree = "<group>"; };
		6BB9481C1CED6488000E6CE5 /* LYSisters.pch */ = {isa = PBXFileReference; fileEncoding = 4; lastKnownFileType = sourcecode.c.h; path = LYSisters.pch; sourceTree = "<group>"; };
		6BB9481D1CED6488000E6CE5 /* main.m */ = {isa = PBXFileReference; fileEncoding = 4; lastKnownFileType = sourcecode.c.objc; path = main.m; sourceTree = "<group>"; };
		6BB9481F1CED6488000E6CE5 /* UIView+LYFrame.h */ = {isa = PBXFileReference; fileEncoding = 4; lastKnownFileType = sourcecode.c.h; path = "UIView+LYFrame.h"; sourceTree = "<group>"; };
		6BB948201CED6488000E6CE5 /* UIView+LYFrame.m */ = {isa = PBXFileReference; fileEncoding = 4; lastKnownFileType = sourcecode.c.objc; path = "UIView+LYFrame.m"; sourceTree = "<group>"; };
		6BB948281CED66A4000E6CE5 /* LYEssenseViewController.h */ = {isa = PBXFileReference; fileEncoding = 4; lastKnownFileType = sourcecode.c.h; path = LYEssenseViewController.h; sourceTree = "<group>"; };
		6BB948291CED66A4000E6CE5 /* LYEssenseViewController.m */ = {isa = PBXFileReference; fileEncoding = 4; lastKnownFileType = sourcecode.c.objc; path = LYEssenseViewController.m; sourceTree = "<group>"; };
		6BB9482B1CED66C4000E6CE5 /* LYFriendTrendsController.h */ = {isa = PBXFileReference; fileEncoding = 4; lastKnownFileType = sourcecode.c.h; path = LYFriendTrendsController.h; sourceTree = "<group>"; };
		6BB9482C1CED66C4000E6CE5 /* LYFriendTrendsController.m */ = {isa = PBXFileReference; fileEncoding = 4; lastKnownFileType = sourcecode.c.objc; path = LYFriendTrendsController.m; sourceTree = "<group>"; };
		6BB9482E1CED66E8000E6CE5 /* LYMeViewController.h */ = {isa = PBXFileReference; fileEncoding = 4; lastKnownFileType = sourcecode.c.h; path = LYMeViewController.h; sourceTree = "<group>"; };
		6BB9482F1CED66E8000E6CE5 /* LYMeViewController.m */ = {isa = PBXFileReference; fileEncoding = 4; lastKnownFileType = sourcecode.c.objc; path = LYMeViewController.m; sourceTree = "<group>"; };
		6BB948311CED6724000E6CE5 /* LYNewBBSViewController.h */ = {isa = PBXFileReference; fileEncoding = 4; lastKnownFileType = sourcecode.c.h; path = LYNewBBSViewController.h; sourceTree = "<group>"; };
		6BB948321CED6724000E6CE5 /* LYNewBBSViewController.m */ = {isa = PBXFileReference; fileEncoding = 4; lastKnownFileType = sourcecode.c.objc; path = LYNewBBSViewController.m; sourceTree = "<group>"; };
		6BB948371CED7162000E6CE5 /* UIBarButtonItem+LYExtension.h */ = {isa = PBXFileReference; fileEncoding = 4; lastKnownFileType = sourcecode.c.h; path = "UIBarButtonItem+LYExtension.h"; sourceTree = "<group>"; };
		6BB948381CED7162000E6CE5 /* UIBarButtonItem+LYExtension.m */ = {isa = PBXFileReference; fileEncoding = 4; lastKnownFileType = sourcecode.c.objc; path = "UIBarButtonItem+LYExtension.m"; sourceTree = "<group>"; };
		6BB9483A1CED83E4000E6CE5 /* LYNavigationController.h */ = {isa = PBXFileReference; fileEncoding = 4; lastKnownFileType = sourcecode.c.h; path = LYNavigationController.h; sourceTree = "<group>"; };
		6BB9483B1CED83E4000E6CE5 /* LYNavigationController.m */ = {isa = PBXFileReference; fileEncoding = 4; lastKnownFileType = sourcecode.c.objc; path = LYNavigationController.m; sourceTree = "<group>"; };
		6BB9483D1CED93F8000E6CE5 /* LYFriendTrendsController.xib */ = {isa = PBXFileReference; fileEncoding = 4; lastKnownFileType = file.xib; path = LYFriendTrendsController.xib; sourceTree = "<group>"; };
		6BB9483F1CEDA9E0000E6CE5 /* LYRecommendViewController.h */ = {isa = PBXFileReference; fileEncoding = 4; lastKnownFileType = sourcecode.c.h; path = LYRecommendViewController.h; sourceTree = "<group>"; };
		6BB948401CEDA9E0000E6CE5 /* LYRecommendViewController.m */ = {isa = PBXFileReference; fileEncoding = 4; lastKnownFileType = sourcecode.c.objc; path = LYRecommendViewController.m; sourceTree = "<group>"; };
		6BF2E59F1CEC12B1009FEC87 /* 百思不得姐.app */ = {isa = PBXFileReference; explicitFileType = wrapper.application; includeInIndex = 0; path = "百思不得姐.app"; sourceTree = BUILT_PRODUCTS_DIR; };
		6BF2E5A31CEC12B1009FEC87 /* Info.plist */ = {isa = PBXFileReference; lastKnownFileType = text.plist.xml; path = Info.plist; sourceTree = "<group>"; };
		6BF2E5AD1CEC12B1009FEC87 /* Base */ = {isa = PBXFileReference; lastKnownFileType = file.storyboard; name = Base; path = Base.lproj/Main.storyboard; sourceTree = "<group>"; };
		6BF2E5AF1CEC12B2009FEC87 /* Images.xcassets */ = {isa = PBXFileReference; lastKnownFileType = folder.assetcatalog; path = Images.xcassets; sourceTree = "<group>"; };
		6BF2E5B21CEC12B2009FEC87 /* Base */ = {isa = PBXFileReference; lastKnownFileType = file.xib; name = Base; path = Base.lproj/LaunchScreen.xib; sourceTree = "<group>"; };
		6BF2E5B81CEC12B2009FEC87 /* 百思不得姐Tests.xctest */ = {isa = PBXFileReference; explicitFileType = wrapper.cfbundle; includeInIndex = 0; path = "百思不得姐Tests.xctest"; sourceTree = BUILT_PRODUCTS_DIR; };
		6BF2E5BD1CEC12B2009FEC87 /* Info.plist */ = {isa = PBXFileReference; lastKnownFileType = text.plist.xml; path = Info.plist; sourceTree = "<group>"; };
		6BF2E5BE1CEC12B2009FEC87 /* _____Tests.m */ = {isa = PBXFileReference; lastKnownFileType = sourcecode.c.objc; path = "_____Tests.m"; sourceTree = "<group>"; };
/* End PBXFileReference section */

/* Begin PBXFrameworksBuildPhase section */
		6BF2E59C1CEC12B1009FEC87 /* Frameworks */ = {
			isa = PBXFrameworksBuildPhase;
			buildActionMask = 2147483647;
			files = (
				D384069C4009BB08EDA2E959 /* libPods-百思不得姐.a in Frameworks */,
			);
			runOnlyForDeploymentPostprocessing = 0;
		};
		6BF2E5B51CEC12B2009FEC87 /* Frameworks */ = {
			isa = PBXFrameworksBuildPhase;
			buildActionMask = 2147483647;
			files = (
			);
			runOnlyForDeploymentPostprocessing = 0;
		};
/* End PBXFrameworksBuildPhase section */

/* Begin PBXGroup section */
		1119204725469755CF7BE311 /* Pods */ = {
			isa = PBXGroup;
			children = (
				2B45021F8892E3917CC6D4F7 /* Pods-百思不得姐.debug.xcconfig */,
				5CA081EA33BA78015ACF9731 /* Pods-百思不得姐.release.xcconfig */,
			);
			name = Pods;
			sourceTree = "<group>";
		};
		6BB948001CED6488000E6CE5 /* classes */ = {
			isa = PBXGroup;
			children = (
				6BB948091CED6488000E6CE5 /* Main-根视图 */,
				6BB948011CED6488000E6CE5 /* Essence-精华 */,
				6BB948051CED6488000E6CE5 /* FriendTrends- 关注 */,
				6BB948111CED6488000E6CE5 /* Me-我 */,
				6BB948151CED6488000E6CE5 /* New-新帖 */,
				6BB948191CED6488000E6CE5 /* Other-其他 */,
			);
			path = classes;
			sourceTree = "<group>";
		};
		6BB948011CED6488000E6CE5 /* Essence-精华 */ = {
			isa = PBXGroup;
			children = (
				6BB948021CED6488000E6CE5 /* Model */,
				6BB948031CED6488000E6CE5 /* View */,
				6BB948041CED6488000E6CE5 /* ViewController */,
			);
			path = "Essence-精华";
			sourceTree = "<group>";
		};
		6BB948021CED6488000E6CE5 /* Model */ = {
			isa = PBXGroup;
			children = (
				6BA2EC471CF0A77300678794 /* LYEssenseTitle.h */,
				6BA2EC481CF0A77300678794 /* LYEssenseTitle.m */,
				6B02599C1CF156940049AF38 /* LYRecommendTag.h */,
				6B02599D1CF156940049AF38 /* LYRecommendTag.m */,
				6B0259B31CF1C3990049AF38 /* LYWord.h */,
				6B0259B41CF1C3990049AF38 /* LYWord.m */,
			);
			path = Model;
			sourceTree = "<group>";
		};
		6BB948031CED6488000E6CE5 /* View */ = {
			isa = PBXGroup;
			children = (
				6BA2EC441CF0A66300678794 /* LYEssenceTitleView.h */,
				6BA2EC451CF0A66300678794 /* LYEssenceTitleView.m */,
				6B02599F1CF15A220049AF38 /* LYRecommendTagCell.h */,
				6B0259A01CF15A220049AF38 /* LYRecommendTagCell.m */,
				6B0259A21CF15A2E0049AF38 /* LYRecommendTagCell.xib */,
				6B0259B91CF29E520049AF38 /* LYWordCell.h */,
				6B0259BA1CF29E520049AF38 /* LYWordCell.m */,
				6B0259BB1CF29E520049AF38 /* LYWordCell.xib */,
			);
			path = View;
			sourceTree = "<group>";
		};
		6BB948041CED6488000E6CE5 /* ViewController */ = {
			isa = PBXGroup;
			children = (
				6BB948281CED66A4000E6CE5 /* LYEssenseViewController.h */,
				6BB948291CED66A4000E6CE5 /* LYEssenseViewController.m */,
				6B0259991CF155D60049AF38 /* LYRecommendTagsViewController.h */,
				6B02599A1CF155D60049AF38 /* LYRecommendTagsViewController.m */,
				6B0259A41CF18C3E0049AF38 /* LYAllViewController.h */,
				6B0259A51CF18C3E0049AF38 /* LYAllViewController.m */,
				6B0259A71CF18C680049AF38 /* LYViedoViewController.h */,
				6B0259A81CF18C680049AF38 /* LYViedoViewController.m */,
				6B0259AA1CF18C7A0049AF38 /* LYVoiceViewController.h */,
				6B0259AB1CF18C7A0049AF38 /* LYVoiceViewController.m */,
				6B0259AD1CF18C8C0049AF38 /* LYPictureViewController.h */,
				6B0259AE1CF18C8C0049AF38 /* LYPictureViewController.m */,
				6B0259B01CF18C9B0049AF38 /* LYWordViewController.h */,
				6B0259B11CF18C9B0049AF38 /* LYWordViewController.m */,
				6B0259C11CF32BDC0049AF38 /* LYTopicsViewController.h */,
				6B0259C21CF32BDC0049AF38 /* LYTopicsViewController.m */,
			);
			path = ViewController;
			sourceTree = "<group>";
		};
		6BB948051CED6488000E6CE5 /* FriendTrends- 关注 */ = {
			isa = PBXGroup;
			children = (
				6BB948061CED6488000E6CE5 /* Model */,
				6BB948071CED6488000E6CE5 /* View */,
				6BB948081CED6488000E6CE5 /* ViewController */,
			);
			path = "FriendTrends- 关注";
			sourceTree = "<group>";
		};
		6BB948061CED6488000E6CE5 /* Model */ = {
			isa = PBXGroup;
			children = (
				6B1AB2F01CEEB2A7004995A2 /* LYRecommendCategory.h */,
				6B1AB2F11CEEB2A7004995A2 /* LYRecommendCategory.m */,
				6B1AB2F81CEEE1DD004995A2 /* LYRecommendUser.h */,
				6B1AB2F91CEEE1DD004995A2 /* LYRecommendUser.m */,
			);
			path = Model;
			sourceTree = "<group>";
		};
		6BB948071CED6488000E6CE5 /* View */ = {
			isa = PBXGroup;
			children = (
				6B1AB2F31CEEB89F004995A2 /* LYRecommendCell.h */,
				6B1AB2F41CEEB89F004995A2 /* LYRecommendCell.m */,
				6B1AB2F61CEEB8AE004995A2 /* LYRecommendCell.xib */,
				6B1AB2FB1CEEEA53004995A2 /* LYRecommendUserCell.h */,
				6B1AB2FC1CEEEA53004995A2 /* LYRecommendUserCell.m */,
				6B1AB2FD1CEEEA53004995A2 /* LYRecommendUserCell.xib */,
				6BA2EC391CF0406C00678794 /* LYVerticalButton.h */,
				6BA2EC3A1CF0406C00678794 /* LYVerticalButton.m */,
				6BA2EC3C1CF06F4800678794 /* LYTextField.h */,
				6BA2EC3D1CF06F4800678794 /* LYTextField.m */,
			);
			path = View;
			sourceTree = "<group>";
		};
		6BB948081CED6488000E6CE5 /* ViewController */ = {
			isa = PBXGroup;
			children = (
				6BB9482B1CED66C4000E6CE5 /* LYFriendTrendsController.h */,
				6BB9482C1CED66C4000E6CE5 /* LYFriendTrendsController.m */,
				6BB9483D1CED93F8000E6CE5 /* LYFriendTrendsController.xib */,
				6BA2EC341CF035A500678794 /* LYLoginRigesterViewController.h */,
				6BA2EC351CF035A500678794 /* LYLoginRigesterViewController.m */,
				6BA2EC361CF035A500678794 /* LYLoginRigesterViewController.xib */,
				6BB9483F1CEDA9E0000E6CE5 /* LYRecommendViewController.h */,
				6BB948401CEDA9E0000E6CE5 /* LYRecommendViewController.m */,
				6B1AB2EE1CEEA92D004995A2 /* LYRecommendViewController.xib */,
			);
			path = ViewController;
			sourceTree = "<group>";
		};
		6BB948091CED6488000E6CE5 /* Main-根视图 */ = {
			isa = PBXGroup;
			children = (
				6BB9480A1CED6488000E6CE5 /* Model */,
				6BB9480B1CED6488000E6CE5 /* View */,
				6BB9480E1CED6488000E6CE5 /* ViewController */,
			);
			path = "Main-根视图";
			sourceTree = "<group>";
		};
		6BB9480A1CED6488000E6CE5 /* Model */ = {
			isa = PBXGroup;
			children = (
			);
			path = Model;
			sourceTree = "<group>";
		};
		6BB9480B1CED6488000E6CE5 /* View */ = {
			isa = PBXGroup;
			children = (
				6BB9480C1CED6488000E6CE5 /* LYTabBar.h */,
				6BB9480D1CED6488000E6CE5 /* LYTabBar.m */,
				6BA2EC3F1CF0945D00678794 /* LYPushGuideView.h */,
				6BA2EC401CF0945D00678794 /* LYPushGuideView.m */,
				6BA2EC421CF0946900678794 /* LYPushGuideView.xib */,
			);
			path = View;
			sourceTree = "<group>";
		};
		6BB9480E1CED6488000E6CE5 /* ViewController */ = {
			isa = PBXGroup;
			children = (
				6BB9480F1CED6488000E6CE5 /* LYTabBarController.h */,
				6BB948101CED6488000E6CE5 /* LYTabBarController.m */,
				6BB9483A1CED83E4000E6CE5 /* LYNavigationController.h */,
				6BB9483B1CED83E4000E6CE5 /* LYNavigationController.m */,
			);
			path = ViewController;
			sourceTree = "<group>";
		};
		6BB948111CED6488000E6CE5 /* Me-我 */ = {
			isa = PBXGroup;
			children = (
				6BB948121CED6488000E6CE5 /* Model */,
				6BB948131CED6488000E6CE5 /* View */,
				6BB948141CED6488000E6CE5 /* ViewController */,
			);
			path = "Me-我";
			sourceTree = "<group>";
		};
		6BB948121CED6488000E6CE5 /* Model */ = {
			isa = PBXGroup;
			children = (
			);
			path = Model;
			sourceTree = "<group>";
		};
		6BB948131CED6488000E6CE5 /* View */ = {
			isa = PBXGroup;
			children = (
			);
			path = View;
			sourceTree = "<group>";
		};
		6BB948141CED6488000E6CE5 /* ViewController */ = {
			isa = PBXGroup;
			children = (
				6BB9482E1CED66E8000E6CE5 /* LYMeViewController.h */,
				6BB9482F1CED66E8000E6CE5 /* LYMeViewController.m */,
			);
			path = ViewController;
			sourceTree = "<group>";
		};
		6BB948151CED6488000E6CE5 /* New-新帖 */ = {
			isa = PBXGroup;
			children = (
				6BB948161CED6488000E6CE5 /* Model */,
				6BB948171CED6488000E6CE5 /* View */,
				6BB948181CED6488000E6CE5 /* ViewController */,
			);
			path = "New-新帖";
			sourceTree = "<group>";
		};
		6BB948161CED6488000E6CE5 /* Model */ = {
			isa = PBXGroup;
			children = (
			);
			path = Model;
			sourceTree = "<group>";
		};
		6BB948171CED6488000E6CE5 /* View */ = {
			isa = PBXGroup;
			children = (
			);
			path = View;
			sourceTree = "<group>";
		};
		6BB948181CED6488000E6CE5 /* ViewController */ = {
			isa = PBXGroup;
			children = (
				6BB948311CED6724000E6CE5 /* LYNewBBSViewController.h */,
				6BB948321CED6724000E6CE5 /* LYNewBBSViewController.m */,
			);
			path = ViewController;
			sourceTree = "<group>";
		};
		6BB948191CED6488000E6CE5 /* Other-其他 */ = {
			isa = PBXGroup;
			children = (
				6BB9481A1CED6488000E6CE5 /* AppDelegate.h */,
				6BB9481B1CED6488000E6CE5 /* AppDelegate.m */,
				6B0259B61CF29BBC0049AF38 /* LYConst.h */,
				6B0259B71CF29BBC0049AF38 /* LYConst.m */,
				6BB9481C1CED6488000E6CE5 /* LYSisters.pch */,
				6BB9481F1CED6488000E6CE5 /* UIView+LYFrame.h */,
				6BB948201CED6488000E6CE5 /* UIView+LYFrame.m */,
				6BB9481D1CED6488000E6CE5 /* main.m */,
				6BB948371CED7162000E6CE5 /* UIBarButtonItem+LYExtension.h */,
				6BB948381CED7162000E6CE5 /* UIBarButtonItem+LYExtension.m */,
				6B0259BE1CF2CAB10049AF38 /* NSDate+LYDate.h */,
				6B0259BF1CF2CAB10049AF38 /* NSDate+LYDate.m */,
				6BB9481E1CED6488000E6CE5 /* Model */,
				6BB948211CED6488000E6CE5 /* View */,
				6BB948221CED6488000E6CE5 /* ViewController */,
			);
			path = "Other-其他";
			sourceTree = "<group>";
		};
		6BB9481E1CED6488000E6CE5 /* Model */ = {
			isa = PBXGroup;
			children = (
			);
			path = Model;
			sourceTree = "<group>";
		};
		6BB948211CED6488000E6CE5 /* View */ = {
			isa = PBXGroup;
			children = (
			);
			path = View;
			sourceTree = "<group>";
		};
		6BB948221CED6488000E6CE5 /* ViewController */ = {
			isa = PBXGroup;
			children = (
			);
			path = ViewController;
			sourceTree = "<group>";
		};
		6BF2E5961CEC12B1009FEC87 = {
			isa = PBXGroup;
			children = (
				6BF2E5A11CEC12B1009FEC87 /* 百思不得姐 */,
				6BF2E5BB1CEC12B2009FEC87 /* 百思不得姐Tests */,
				6BF2E5A01CEC12B1009FEC87 /* Products */,
				1119204725469755CF7BE311 /* Pods */,
				EAD2D8FE62AE171B11DB2372 /* Frameworks */,
			);
			sourceTree = "<group>";
		};
		6BF2E5A01CEC12B1009FEC87 /* Products */ = {
			isa = PBXGroup;
			children = (
				6BF2E59F1CEC12B1009FEC87 /* 百思不得姐.app */,
				6BF2E5B81CEC12B2009FEC87 /* 百思不得姐Tests.xctest */,
			);
			name = Products;
			sourceTree = "<group>";
		};
		6BF2E5A11CEC12B1009FEC87 /* 百思不得姐 */ = {
			isa = PBXGroup;
			children = (
				6BB948001CED6488000E6CE5 /* classes */,
				6BF2E5AC1CEC12B1009FEC87 /* Main.storyboard */,
				6BF2E5AF1CEC12B2009FEC87 /* Images.xcassets */,
				6BF2E5B11CEC12B2009FEC87 /* LaunchScreen.xib */,
				6BF2E5A21CEC12B1009FEC87 /* Supporting Files */,
			);
			path = "百思不得姐";
			sourceTree = "<group>";
		};
		6BF2E5A21CEC12B1009FEC87 /* Supporting Files */ = {
			isa = PBXGroup;
			children = (
				6BF2E5A31CEC12B1009FEC87 /* Info.plist */,
			);
			name = "Supporting Files";
			sourceTree = "<group>";
		};
		6BF2E5BB1CEC12B2009FEC87 /* 百思不得姐Tests */ = {
			isa = PBXGroup;
			children = (
				6BF2E5BE1CEC12B2009FEC87 /* _____Tests.m */,
				6BF2E5BC1CEC12B2009FEC87 /* Supporting Files */,
			);
			path = "百思不得姐Tests";
			sourceTree = "<group>";
		};
		6BF2E5BC1CEC12B2009FEC87 /* Supporting Files */ = {
			isa = PBXGroup;
			children = (
				6BF2E5BD1CEC12B2009FEC87 /* Info.plist */,
			);
			name = "Supporting Files";
			sourceTree = "<group>";
		};
		EAD2D8FE62AE171B11DB2372 /* Frameworks */ = {
			isa = PBXGroup;
			children = (
				68F13D7301B48F203D4BC240 /* libPods-百思不得姐.a */,
			);
			name = Frameworks;
			sourceTree = "<group>";
		};
/* End PBXGroup section */

/* Begin PBXNativeTarget section */
		6BF2E59E1CEC12B1009FEC87 /* 百思不得姐 */ = {
			isa = PBXNativeTarget;
			buildConfigurationList = 6BF2E5C21CEC12B2009FEC87 /* Build configuration list for PBXNativeTarget "百思不得姐" */;
			buildPhases = (
				5B5747100AA11F16A3ADF75F /* 📦 Check Pods Manifest.lock */,
				6BF2E59B1CEC12B1009FEC87 /* Sources */,
				6BF2E59C1CEC12B1009FEC87 /* Frameworks */,
				6BF2E59D1CEC12B1009FEC87 /* Resources */,
				3A682F5EC1CCBA1F6F4EFE00 /* 📦 Embed Pods Frameworks */,
				F52BBE6348A88A90879D45F4 /* 📦 Copy Pods Resources */,
			);
			buildRules = (
			);
			dependencies = (
			);
			name = "百思不得姐";
			productName = "百思不得姐";
			productReference = 6BF2E59F1CEC12B1009FEC87 /* 百思不得姐.app */;
			productType = "com.apple.product-type.application";
		};
		6BF2E5B71CEC12B2009FEC87 /* 百思不得姐Tests */ = {
			isa = PBXNativeTarget;
			buildConfigurationList = 6BF2E5C51CEC12B2009FEC87 /* Build configuration list for PBXNativeTarget "百思不得姐Tests" */;
			buildPhases = (
				6BF2E5B41CEC12B2009FEC87 /* Sources */,
				6BF2E5B51CEC12B2009FEC87 /* Frameworks */,
				6BF2E5B61CEC12B2009FEC87 /* Resources */,
			);
			buildRules = (
			);
			dependencies = (
				6BF2E5BA1CEC12B2009FEC87 /* PBXTargetDependency */,
			);
			name = "百思不得姐Tests";
			productName = "百思不得姐Tests";
			productReference = 6BF2E5B81CEC12B2009FEC87 /* 百思不得姐Tests.xctest */;
			productType = "com.apple.product-type.bundle.unit-test";
		};
/* End PBXNativeTarget section */

/* Begin PBXProject section */
		6BF2E5971CEC12B1009FEC87 /* Project object */ = {
			isa = PBXProject;
			attributes = {
				CLASSPREFIX = LY;
				LastUpgradeCheck = 0640;
				ORGANIZATIONNAME = dasheng;
				TargetAttributes = {
					6BF2E59E1CEC12B1009FEC87 = {
						CreatedOnToolsVersion = 6.4;
					};
					6BF2E5B71CEC12B2009FEC87 = {
						CreatedOnToolsVersion = 6.4;
						TestTargetID = 6BF2E59E1CEC12B1009FEC87;
					};
				};
			};
			buildConfigurationList = 6BF2E59A1CEC12B1009FEC87 /* Build configuration list for PBXProject "百思不得姐" */;
			compatibilityVersion = "Xcode 3.2";
			developmentRegion = English;
			hasScannedForEncodings = 0;
			knownRegions = (
				en,
				Base,
			);
			mainGroup = 6BF2E5961CEC12B1009FEC87;
			productRefGroup = 6BF2E5A01CEC12B1009FEC87 /* Products */;
			projectDirPath = "";
			projectRoot = "";
			targets = (
				6BF2E59E1CEC12B1009FEC87 /* 百思不得姐 */,
				6BF2E5B71CEC12B2009FEC87 /* 百思不得姐Tests */,
			);
		};
/* End PBXProject section */

/* Begin PBXResourcesBuildPhase section */
		6BF2E59D1CEC12B1009FEC87 /* Resources */ = {
			isa = PBXResourcesBuildPhase;
			buildActionMask = 2147483647;
			files = (
				6B0259A31CF15A2E0049AF38 /* LYRecommendTagCell.xib in Resources */,
				6B1AB2FF1CEEEA54004995A2 /* LYRecommendUserCell.xib in Resources */,
				6BF2E5AE1CEC12B1009FEC87 /* Main.storyboard in Resources */,
				6B1AB2EF1CEEA92D004995A2 /* LYRecommendViewController.xib in Resources */,
				6BF2E5B31CEC12B2009FEC87 /* LaunchScreen.xib in Resources */,
				6BA2EC381CF035A500678794 /* LYLoginRigesterViewController.xib in Resources */,
				6B1AB2F71CEEB8AE004995A2 /* LYRecommendCell.xib in Resources */,
				6BA2EC431CF0946900678794 /* LYPushGuideView.xib in Resources */,
				6BB9483E1CED93F8000E6CE5 /* LYFriendTrendsController.xib in Resources */,
				6B0259BD1CF29E520049AF38 /* LYWordCell.xib in Resources */,
				6BF2E5B01CEC12B2009FEC87 /* Images.xcassets in Resources */,
			);
			runOnlyForDeploymentPostprocessing = 0;
		};
		6BF2E5B61CEC12B2009FEC87 /* Resources */ = {
			isa = PBXResourcesBuildPhase;
			buildActionMask = 2147483647;
			files = (
			);
			runOnlyForDeploymentPostprocessing = 0;
		};
/* End PBXResourcesBuildPhase section */

/* Begin PBXShellScriptBuildPhase section */
		3A682F5EC1CCBA1F6F4EFE00 /* 📦 Embed Pods Frameworks */ = {
			isa = PBXShellScriptBuildPhase;
			buildActionMask = 2147483647;
			files = (
			);
			inputPaths = (
			);
			name = "📦 Embed Pods Frameworks";
			outputPaths = (
			);
			runOnlyForDeploymentPostprocessing = 0;
			shellPath = /bin/sh;
			shellScript = "\"${SRCROOT}/Pods/Target Support Files/Pods-百思不得姐/Pods-百思不得姐-frameworks.sh\"\n";
			showEnvVarsInLog = 0;
		};
		5B5747100AA11F16A3ADF75F /* 📦 Check Pods Manifest.lock */ = {
			isa = PBXShellScriptBuildPhase;
			buildActionMask = 2147483647;
			files = (
			);
			inputPaths = (
			);
			name = "📦 Check Pods Manifest.lock";
			outputPaths = (
			);
			runOnlyForDeploymentPostprocessing = 0;
			shellPath = /bin/sh;
			shellScript = "diff \"${PODS_ROOT}/../Podfile.lock\" \"${PODS_ROOT}/Manifest.lock\" > /dev/null\nif [[ $? != 0 ]] ; then\n    cat << EOM\nerror: The sandbox is not in sync with the Podfile.lock. Run 'pod install' or update your CocoaPods installation.\nEOM\n    exit 1\nfi\n";
			showEnvVarsInLog = 0;
		};
		F52BBE6348A88A90879D45F4 /* 📦 Copy Pods Resources */ = {
			isa = PBXShellScriptBuildPhase;
			buildActionMask = 2147483647;
			files = (
			);
			inputPaths = (
			);
			name = "📦 Copy Pods Resources";
			outputPaths = (
			);
			runOnlyForDeploymentPostprocessing = 0;
			shellPath = /bin/sh;
			shellScript = "\"${SRCROOT}/Pods/Target Support Files/Pods-百思不得姐/Pods-百思不得姐-resources.sh\"\n";
			showEnvVarsInLog = 0;
		};
/* End PBXShellScriptBuildPhase section */

/* Begin PBXSourcesBuildPhase section */
		6BF2E59B1CEC12B1009FEC87 /* Sources */ = {
			isa = PBXSourcesBuildPhase;
			buildActionMask = 2147483647;
			files = (
				6BB948331CED6724000E6CE5 /* LYNewBBSViewController.m in Sources */,
				6B0259B21CF18C9B0049AF38 /* LYWordViewController.m in Sources */,
				6BB9482A1CED66A4000E6CE5 /* LYEssenseViewController.m in Sources */,
				6BB9483C1CED83E4000E6CE5 /* LYNavigationController.m in Sources */,
				6BB948241CED6488000E6CE5 /* LYTabBarController.m in Sources */,
				6B0259C01CF2CAB10049AF38 /* NSDate+LYDate.m in Sources */,
				6B1AB2FA1CEEE1DD004995A2 /* LYRecommendUser.m in Sources */,
				6BB948411CEDA9E0000E6CE5 /* LYRecommendViewController.m in Sources */,
				6B02599E1CF156940049AF38 /* LYRecommendTag.m in Sources */,
				6B1AB2F51CEEB89F004995A2 /* LYRecommendCell.m in Sources */,
				6B0259AC1CF18C7A0049AF38 /* LYVoiceViewController.m in Sources */,
				6B0259C31CF32BDC0049AF38 /* LYTopicsViewController.m in Sources */,
				6B0259B51CF1C3990049AF38 /* LYWord.m in Sources */,
				6BB948271CED6488000E6CE5 /* UIView+LYFrame.m in Sources */,
				6BB9482D1CED66C4000E6CE5 /* LYFriendTrendsController.m in Sources */,
				6BA2EC371CF035A500678794 /* LYLoginRigesterViewController.m in Sources */,
				6BA2EC3E1CF06F4800678794 /* LYTextField.m in Sources */,
				6BB948231CED6488000E6CE5 /* LYTabBar.m in Sources */,
				6B0259B81CF29BBC0049AF38 /* LYConst.m in Sources */,
				6B0259A61CF18C3E0049AF38 /* LYAllViewController.m in Sources */,
				6B0259AF1CF18C8C0049AF38 /* LYPictureViewController.m in Sources */,
				6BA2EC491CF0A77300678794 /* LYEssenseTitle.m in Sources */,
				6B1AB2F21CEEB2A7004995A2 /* LYRecommendCategory.m in Sources */,
				6B02599B1CF155D60049AF38 /* LYRecommendTagsViewController.m in Sources */,
				6B0259BC1CF29E520049AF38 /* LYWordCell.m in Sources */,
				6BA2EC3B1CF0406C00678794 /* LYVerticalButton.m in Sources */,
				6BA2EC411CF0945D00678794 /* LYPushGuideView.m in Sources */,
				6BB948301CED66E8000E6CE5 /* LYMeViewController.m in Sources */,
				6BB948261CED6488000E6CE5 /* main.m in Sources */,
				6B0259A11CF15A220049AF38 /* LYRecommendTagCell.m in Sources */,
				6B0259A91CF18C680049AF38 /* LYViedoViewController.m in Sources */,
				6BA2EC461CF0A66300678794 /* LYEssenceTitleView.m in Sources */,
				6BB948391CED7162000E6CE5 /* UIBarButtonItem+LYExtension.m in Sources */,
				6B1AB2FE1CEEEA54004995A2 /* LYRecommendUserCell.m in Sources */,
				6BB948251CED6488000E6CE5 /* AppDelegate.m in Sources */,
			);
			runOnlyForDeploymentPostprocessing = 0;
		};
		6BF2E5B41CEC12B2009FEC87 /* Sources */ = {
			isa = PBXSourcesBuildPhase;
			buildActionMask = 2147483647;
			files = (
				6BF2E5BF1CEC12B2009FEC87 /* _____Tests.m in Sources */,
			);
			runOnlyForDeploymentPostprocessing = 0;
		};
/* End PBXSourcesBuildPhase section */

/* Begin PBXTargetDependency section */
		6BF2E5BA1CEC12B2009FEC87 /* PBXTargetDependency */ = {
			isa = PBXTargetDependency;
			target = 6BF2E59E1CEC12B1009FEC87 /* 百思不得姐 */;
			targetProxy = 6BF2E5B91CEC12B2009FEC87 /* PBXContainerItemProxy */;
		};
/* End PBXTargetDependency section */

/* Begin PBXVariantGroup section */
		6BF2E5AC1CEC12B1009FEC87 /* Main.storyboard */ = {
			isa = PBXVariantGroup;
			children = (
				6BF2E5AD1CEC12B1009FEC87 /* Base */,
			);
			name = Main.storyboard;
			sourceTree = "<group>";
		};
		6BF2E5B11CEC12B2009FEC87 /* LaunchScreen.xib */ = {
			isa = PBXVariantGroup;
			children = (
				6BF2E5B21CEC12B2009FEC87 /* Base */,
			);
			name = LaunchScreen.xib;
			sourceTree = "<group>";
		};
/* End PBXVariantGroup section */

/* Begin XCBuildConfiguration section */
		6BF2E5C01CEC12B2009FEC87 /* Debug */ = {
			isa = XCBuildConfiguration;
			buildSettings = {
				ALWAYS_SEARCH_USER_PATHS = NO;
				CLANG_CXX_LANGUAGE_STANDARD = "gnu++0x";
				CLANG_CXX_LIBRARY = "libc++";
				CLANG_ENABLE_MODULES = YES;
				CLANG_ENABLE_OBJC_ARC = YES;
				CLANG_WARN_BOOL_CONVERSION = YES;
				CLANG_WARN_CONSTANT_CONVERSION = YES;
				CLANG_WARN_DIRECT_OBJC_ISA_USAGE = YES_ERROR;
				CLANG_WARN_EMPTY_BODY = YES;
				CLANG_WARN_ENUM_CONVERSION = YES;
				CLANG_WARN_INT_CONVERSION = YES;
				CLANG_WARN_OBJC_ROOT_CLASS = YES_ERROR;
				CLANG_WARN_UNREACHABLE_CODE = YES;
				CLANG_WARN__DUPLICATE_METHOD_MATCH = YES;
				"CODE_SIGN_IDENTITY[sdk=iphoneos*]" = "iPhone Developer";
				COPY_PHASE_STRIP = NO;
				DEBUG_INFORMATION_FORMAT = "dwarf-with-dsym";
				ENABLE_STRICT_OBJC_MSGSEND = YES;
				GCC_C_LANGUAGE_STANDARD = gnu99;
				GCC_DYNAMIC_NO_PIC = NO;
				GCC_NO_COMMON_BLOCKS = YES;
				GCC_OPTIMIZATION_LEVEL = 0;
				GCC_PREPROCESSOR_DEFINITIONS = (
					"DEBUG=1",
					"$(inherited)",
				);
				GCC_SYMBOLS_PRIVATE_EXTERN = NO;
				GCC_WARN_64_TO_32_BIT_CONVERSION = YES;
				GCC_WARN_ABOUT_RETURN_TYPE = YES_ERROR;
				GCC_WARN_UNDECLARED_SELECTOR = YES;
				GCC_WARN_UNINITIALIZED_AUTOS = YES_AGGRESSIVE;
				GCC_WARN_UNUSED_FUNCTION = YES;
				GCC_WARN_UNUSED_VARIABLE = YES;
				IPHONEOS_DEPLOYMENT_TARGET = 8.4;
				MTL_ENABLE_DEBUG_INFO = YES;
				ONLY_ACTIVE_ARCH = YES;
				SDKROOT = iphoneos;
			};
			name = Debug;
		};
		6BF2E5C11CEC12B2009FEC87 /* Release */ = {
			isa = XCBuildConfiguration;
			buildSettings = {
				ALWAYS_SEARCH_USER_PATHS = NO;
				CLANG_CXX_LANGUAGE_STANDARD = "gnu++0x";
				CLANG_CXX_LIBRARY = "libc++";
				CLANG_ENABLE_MODULES = YES;
				CLANG_ENABLE_OBJC_ARC = YES;
				CLANG_WARN_BOOL_CONVERSION = YES;
				CLANG_WARN_CONSTANT_CONVERSION = YES;
				CLANG_WARN_DIRECT_OBJC_ISA_USAGE = YES_ERROR;
				CLANG_WARN_EMPTY_BODY = YES;
				CLANG_WARN_ENUM_CONVERSION = YES;
				CLANG_WARN_INT_CONVERSION = YES;
				CLANG_WARN_OBJC_ROOT_CLASS = YES_ERROR;
				CLANG_WARN_UNREACHABLE_CODE = YES;
				CLANG_WARN__DUPLICATE_METHOD_MATCH = YES;
				"CODE_SIGN_IDENTITY[sdk=iphoneos*]" = "iPhone Developer";
				COPY_PHASE_STRIP = NO;
				DEBUG_INFORMATION_FORMAT = "dwarf-with-dsym";
				ENABLE_NS_ASSERTIONS = NO;
				ENABLE_STRICT_OBJC_MSGSEND = YES;
				GCC_C_LANGUAGE_STANDARD = gnu99;
				GCC_NO_COMMON_BLOCKS = YES;
				GCC_WARN_64_TO_32_BIT_CONVERSION = YES;
				GCC_WARN_ABOUT_RETURN_TYPE = YES_ERROR;
				GCC_WARN_UNDECLARED_SELECTOR = YES;
				GCC_WARN_UNINITIALIZED_AUTOS = YES_AGGRESSIVE;
				GCC_WARN_UNUSED_FUNCTION = YES;
				GCC_WARN_UNUSED_VARIABLE = YES;
				IPHONEOS_DEPLOYMENT_TARGET = 8.4;
				MTL_ENABLE_DEBUG_INFO = NO;
				SDKROOT = iphoneos;
				VALIDATE_PRODUCT = YES;
			};
			name = Release;
		};
		6BF2E5C31CEC12B2009FEC87 /* Debug */ = {
			isa = XCBuildConfiguration;
			baseConfigurationReference = 2B45021F8892E3917CC6D4F7 /* Pods-百思不得姐.debug.xcconfig */;
			buildSettings = {
				ASSETCATALOG_COMPILER_APPICON_NAME = AppIcon;
				GCC_PREFIX_HEADER = "百思不得姐/classes/Other-其他/LYSisters.pch";
				INFOPLIST_FILE = "百思不得姐/Info.plist";
				LD_RUNPATH_SEARCH_PATHS = "$(inherited) @executable_path/Frameworks";
				PRODUCT_NAME = "$(TARGET_NAME)";
			};
			name = Debug;
		};
		6BF2E5C41CEC12B2009FEC87 /* Release */ = {
			isa = XCBuildConfiguration;
			baseConfigurationReference = 5CA081EA33BA78015ACF9731 /* Pods-百思不得姐.release.xcconfig */;
			buildSettings = {
				ASSETCATALOG_COMPILER_APPICON_NAME = AppIcon;
				GCC_PREFIX_HEADER = "百思不得姐/classes/Other-其他/LYSisters.pch";
				INFOPLIST_FILE = "百思不得姐/Info.plist";
				LD_RUNPATH_SEARCH_PATHS = "$(inherited) @executable_path/Frameworks";
				PRODUCT_NAME = "$(TARGET_NAME)";
			};
			name = Release;
		};
		6BF2E5C61CEC12B2009FEC87 /* Debug */ = {
			isa = XCBuildConfiguration;
			buildSettings = {
				BUNDLE_LOADER = "$(TEST_HOST)";
				FRAMEWORK_SEARCH_PATHS = (
					"$(SDKROOT)/Developer/Library/Frameworks",
					"$(inherited)",
				);
				GCC_PREPROCESSOR_DEFINITIONS = (
					"DEBUG=1",
					"$(inherited)",
				);
				INFOPLIST_FILE = "百思不得姐Tests/Info.plist";
				LD_RUNPATH_SEARCH_PATHS = "$(inherited) @executable_path/Frameworks @loader_path/Frameworks";
				PRODUCT_NAME = "$(TARGET_NAME)";
				TEST_HOST = "$(BUILT_PRODUCTS_DIR)/百思不得姐.app/百思不得姐";
			};
			name = Debug;
		};
		6BF2E5C71CEC12B2009FEC87 /* Release */ = {
			isa = XCBuildConfiguration;
			buildSettings = {
				BUNDLE_LOADER = "$(TEST_HOST)";
				FRAMEWORK_SEARCH_PATHS = (
					"$(SDKROOT)/Developer/Library/Frameworks",
					"$(inherited)",
				);
				INFOPLIST_FILE = "百思不得姐Tests/Info.plist";
				LD_RUNPATH_SEARCH_PATHS = "$(inherited) @executable_path/Frameworks @loader_path/Frameworks";
				PRODUCT_NAME = "$(TARGET_NAME)";
				TEST_HOST = "$(BUILT_PRODUCTS_DIR)/百思不得姐.app/百思不得姐";
			};
			name = Release;
		};
/* End XCBuildConfiguration section */

/* Begin XCConfigurationList section */
		6BF2E59A1CEC12B1009FEC87 /* Build configuration list for PBXProject "百思不得姐" */ = {
			isa = XCConfigurationList;
			buildConfigurations = (
				6BF2E5C01CEC12B2009FEC87 /* Debug */,
				6BF2E5C11CEC12B2009FEC87 /* Release */,
			);
			defaultConfigurationIsVisible = 0;
			defaultConfigurationName = Release;
		};
		6BF2E5C21CEC12B2009FEC87 /* Build configuration list for PBXNativeTarget "百思不得姐" */ = {
			isa = XCConfigurationList;
			buildConfigurations = (
				6BF2E5C31CEC12B2009FEC87 /* Debug */,
				6BF2E5C41CEC12B2009FEC87 /* Release */,
			);
			defaultConfigurationIsVisible = 0;
			defaultConfigurationName = Release;
		};
		6BF2E5C51CEC12B2009FEC87 /* Build configuration list for PBXNativeTarget "百思不得姐Tests" */ = {
			isa = XCConfigurationList;
			buildConfigurations = (
				6BF2E5C61CEC12B2009FEC87 /* Debug */,
				6BF2E5C71CEC12B2009FEC87 /* Release */,
			);
			defaultConfigurationIsVisible = 0;
			defaultConfigurationName = Release;
		};
/* End XCConfigurationList section */
	};
	rootObject = 6BF2E5971CEC12B1009FEC87 /* Project object */;
}
